
Microsoft Visual Studio Solution File, Format Version 12.00
# Visual Studio Version 16
VisualStudioVersion = 16.0.31025.194
MinimumVisualStudioVersion = 10.0.40219.1
Project("{9A19103F-16F7-4668-BE54-9A1E7A4F7556}") = "ConsoleApp", "ConsoleApp\ConsoleApp.csproj", "{58B04928-450C-4058-88CC-D066EDF768A6}"
EndProject
Project("{9A19103F-16F7-4668-BE54-9A1E7A4F7556}") = "MultipleInheritanceTask", "MultipleInheritanceTask\MultipleInheritanceTask.csproj", "{61853D3F-E1A4-49CF-AF2E-64713271E988}"
EndProject
Project("{9A19103F-16F7-4668-BE54-9A1E7A4F7556}") = "CollectionsTasks", "CollectionsTasks\CollectionsTasks.csproj", "{7E93C4A2-8072-45AB-A7A4-53111B4B83E1}"
EndProject
Project("{9A19103F-16F7-4668-BE54-9A1E7A4F7556}") = "Linq", "Linq\Linq.csproj", "{C328224C-1CA3-4A49-A372-B9B3E04CF14F}"
EndProject
Project("{FAE04EC0-301F-11D3-BF4B-00C04F79EFBC}") = "AsyncAwait", "AsyncAwait\AsyncAwait.csproj", "{03B8AFA4-F6D5-4DAE-8DCF-457B39068F89}"
EndProject
Global
	GlobalSection(SolutionConfigurationPlatforms) = preSolution
		Debug|Any CPU = Debug|Any CPU
		Release|Any CPU = Release|Any CPU
	EndGlobalSection
	GlobalSection(ProjectConfigurationPlatforms) = postSolution
		{58B04928-450C-4058-88CC-D066EDF768A6}.Debug|Any CPU.ActiveCfg = Debug|Any CPU
		{58B04928-450C-4058-88CC-D066EDF768A6}.Debug|Any CPU.Build.0 = Debug|Any CPU
		{58B04928-450C-4058-88CC-D066EDF768A6}.Release|Any CPU.ActiveCfg = Release|Any CPU
		{58B04928-450C-4058-88CC-D066EDF768A6}.Release|Any CPU.Build.0 = Release|Any CPU
		{61853D3F-E1A4-49CF-AF2E-64713271E988}.Debug|Any CPU.ActiveCfg = Debug|Any CPU
		{61853D3F-E1A4-49CF-AF2E-64713271E988}.Debug|Any CPU.Build.0 = Debug|Any CPU
		{61853D3F-E1A4-49CF-AF2E-64713271E988}.Release|Any CPU.ActiveCfg = Release|Any CPU
		{61853D3F-E1A4-49CF-AF2E-64713271E988}.Release|Any CPU.Build.0 = Release|Any CPU
		{7E93C4A2-8072-45AB-A7A4-53111B4B83E1}.Debug|Any CPU.ActiveCfg = Debug|Any CPU
		{7E93C4A2-8072-45AB-A7A4-53111B4B83E1}.Debug|Any CPU.Build.0 = Debug|Any CPU
		{7E93C4A2-8072-45AB-A7A4-53111B4B83E1}.Release|Any CPU.ActiveCfg = Release|Any CPU
		{7E93C4A2-8072-45AB-A7A4-53111B4B83E1}.Release|Any CPU.Build.0 = Release|Any CPU
		{C328224C-1CA3-4A49-A372-B9B3E04CF14F}.Debug|Any CPU.ActiveCfg = Debug|Any CPU
		{C328224C-1CA3-4A49-A372-B9B3E04CF14F}.Debug|Any CPU.Build.0 = Debug|Any CPU
		{C328224C-1CA3-4A49-A372-B9B3E04CF14F}.Release|Any CPU.ActiveCfg = Release|Any CPU
		{C328224C-1CA3-4A49-A372-B9B3E04CF14F}.Release|Any CPU.Build.0 = Release|Any CPU
		{03B8AFA4-F6D5-4DAE-8DCF-457B39068F89}.Debug|Any CPU.ActiveCfg = Debug|Any CPU
		{03B8AFA4-F6D5-4DAE-8DCF-457B39068F89}.Debug|Any CPU.Build.0 = Debug|Any CPU
		{03B8AFA4-F6D5-4DAE-8DCF-457B39068F89}.Release|Any CPU.ActiveCfg = Release|Any CPU
		{03B8AFA4-F6D5-4DAE-8DCF-457B39068F89}.Release|Any CPU.Build.0 = Release|Any CPU
	EndGlobalSection
	GlobalSection(SolutionProperties) = preSolution
		HideSolutionNode = FALSE
	EndGlobalSection
	GlobalSection(ExtensibilityGlobals) = postSolution
		SolutionGuid = {5ED5697A-2198-4B53-9682-C733B078B451}
	EndGlobalSection
EndGlobal
